Microsoft Visual Studio Solution File, Format Version 12.00
# Visual Studio Version 17
VisualStudioVersion = 17.5.2.0
MinimumVisualStudioVersion = 10.0.40219.1
Project("{FAE04EC0-301F-11D3-BF4B-00C04F79EFBC}") = "CommitLens", "CommitLens.csproj", "{66DB71E1-F3E2-36BA-4780-9A22E1778700}"
EndProject
Global
	GlobalSection(SolutionConfigurationPlatforms) = preSolution
		Debug|Any CPU = Debug|Any CPU
		Release|Any CPU = Release|Any CPU
	EndGlobalSection
	GlobalSection(ProjectConfigurationPlatforms) = postSolution
		{66DB71E1-F3E2-36BA-4780-9A22E1778700}.Debug|Any CPU.ActiveCfg = Debug|Any CPU
		{66DB71E1-F3E2-36BA-4780-9A22E1778700}.Debug|Any CPU.Build.0 = Debug|Any CPU
		{66DB71E1-F3E2-36BA-4780-9A22E1778700}.Release|Any CPU.ActiveCfg = Release|Any CPU
		{66DB71E1-F3E2-36BA-4780-9A22E1778700}.Release|Any CPU.Build.0 = Release|Any CPU
	EndGlobalSection
	GlobalSection(SolutionProperties) = preSolution
		HideSolutionNode = FALSE
	EndGlobalSection
	GlobalSection(ExtensibilityGlobals) = postSolution
		SolutionGuid = {54023D27-7E04-4045-9F2F-38AB40BC32BE}
	EndGlobalSection
EndGlobal
