
Microsoft Visual Studio Solution File, Format Version 12.00
Project("{2150E333-8FDC-42A3-9474-1A3956D46DE8}") = "CommitLens", "CommitLens", "{4853AC9A-A710-FD20-1F3C-CC80BCA867D2}"
EndProject
Project("{2150E333-8FDC-42A3-9474-1A3956D46DE8}") = "src", "src", "{5110FE86-F508-6B86-C843-5184CE2B15C7}"
EndProject
Project("{FAE04EC0-301F-11D3-BF4B-00C04F79EFBC}") = "CommitLens.Domain", "CommitLens\src\CommitLens.Domain\CommitLens.Domain.csproj", "{46688A62-3F38-4AD0-9C60-AF230438E1A1}"
EndProject
Project("{FAE04EC0-301F-11D3-BF4B-00C04F79EFBC}") = "CommitLens.Application", "CommitLens\src\CommitLens.Application\CommitLens.Application.csproj", "{1212B6C2-B981-401A-993C-0F9D7A6FF2CD}"
EndProject
Project("{FAE04EC0-301F-11D3-BF4B-00C04F79EFBC}") = "CommitLens.Infrastructure", "CommitLens\src\CommitLens.Infrastructure\CommitLens.Infrastructure.csproj", "{10DC6E33-84D3-4580-B19E-33F9082FCCC1}"
EndProject
Project("{FAE04EC0-301F-11D3-BF4B-00C04F79EFBC}") = "CommitLens.Cli", "CommitLens\src\CommitLens.Cli\CommitLens.Cli.csproj", "{846B2224-1560-4085-8DFE-2B0D72220730}"
EndProject
Project("{2150E333-8FDC-42A3-9474-1A3956D46DE8}") = "tests", "tests", "{B1202760-BBEF-D479-C157-1D2880F8FF8F}"
EndProject
Project("{FAE04EC0-301F-11D3-BF4B-00C04F79EFBC}") = "CommitLens.Domain.UnitTests", "CommitLens\tests\CommitLens.Domain.UnitTests\CommitLens.Domain.UnitTests.csproj", "{EB7844BD-FEC6-483B-9472-F36CBA01AC77}"
EndProject
Project("{FAE04EC0-301F-11D3-BF4B-00C04F79EFBC}") = "CommitLens.Application.UnitTests", "CommitLens\tests\CommitLens.Application.UnitTests\CommitLens.Application.UnitTests.csproj", "{ADF0EFC6-46E0-4BD1-A495-0EEDA201094D}"
EndProject
Global
	GlobalSection(SolutionConfigurationPlatforms) = preSolution
		Debug|Any CPU = Debug|Any CPU
		Debug|x64 = Debug|x64
		Debug|x86 = Debug|x86
		Release|Any CPU = Release|Any CPU
		Release|x64 = Release|x64
		Release|x86 = Release|x86
	EndGlobalSection
	GlobalSection(ProjectConfigurationPlatforms) = postSolution
		{46688A62-3F38-4AD0-9C60-AF230438E1A1}.Debug|Any CPU.ActiveCfg = Debug|Any CPU
		{46688A62-3F38-4AD0-9C60-AF230438E1A1}.Debug|Any CPU.Build.0 = Debug|Any CPU
		{46688A62-3F38-4AD0-9C60-AF230438E1A1}.Debug|x64.ActiveCfg = Debug|Any CPU
		{46688A62-3F38-4AD0-9C60-AF230438E1A1}.Debug|x64.Build.0 = Debug|Any CPU
		{46688A62-3F38-4AD0-9C60-AF230438E1A1}.Debug|x86.ActiveCfg = Debug|Any CPU
		{46688A62-3F38-4AD0-9C60-AF230438E1A1}.Debug|x86.Build.0 = Debug|Any CPU
		{46688A62-3F38-4AD0-9C60-AF230438E1A1}.Release|Any CPU.ActiveCfg = Release|Any CPU
		{46688A62-3F38-4AD0-9C60-AF230438E1A1}.Release|Any CPU.Build.0 = Release|Any CPU
		{46688A62-3F38-4AD0-9C60-AF230438E1A1}.Release|x64.ActiveCfg = Release|Any CPU
		{46688A62-3F38-4AD0-9C60-AF230438E1A1}.Release|x64.Build.0 = Release|Any CPU
		{46688A62-3F38-4AD0-9C60-AF230438E1A1}.Release|x86.ActiveCfg = Release|Any CPU
		{46688A62-3F38-4AD0-9C60-AF230438E1A1}.Release|x86.Build.0 = Release|Any CPU
		{1212B6C2-B981-401A-993C-0F9D7A6FF2CD}.Debug|Any CPU.ActiveCfg = Debug|Any CPU
		{1212B6C2-B981-401A-993C-0F9D7A6FF2CD}.Debug|Any CPU.Build.0 = Debug|Any CPU
		{1212B6C2-B981-401A-993C-0F9D7A6FF2CD}.Debug|x64.ActiveCfg = Debug|Any CPU
		{1212B6C2-B981-401A-993C-0F9D7A6FF2CD}.Debug|x64.Build.0 = Debug|Any CPU
		{1212B6C2-B981-401A-993C-0F9D7A6FF2CD}.Debug|x86.ActiveCfg = Debug|Any CPU
		{1212B6C2-B981-401A-993C-0F9D7A6FF2CD}.Debug|x86.Build.0 = Debug|Any CPU
		{1212B6C2-B981-401A-993C-0F9D7A6FF2CD}.Release|Any CPU.ActiveCfg = Release|Any CPU
		{1212B6C2-B981-401A-993C-0F9D7A6FF2CD}.Release|Any CPU.Build.0 = Release|Any CPU
		{1212B6C2-B981-401A-993C-0F9D7A6FF2CD}.Release|x64.ActiveCfg = Release|Any CPU
		{1212B6C2-B981-401A-993C-0F9D7A6FF2CD}.Release|x64.Build.0 = Release|Any CPU
		{1212B6C2-B981-401A-993C-0F9D7A6FF2CD}.Release|x86.ActiveCfg = Release|Any CPU
		{1212B6C2-B981-401A-993C-0F9D7A6FF2CD}.Release|x86.Build.0 = Release|Any CPU
		{10DC6E33-84D3-4580-B19E-33F9082FCCC1}.Debug|Any CPU.ActiveCfg = Debug|Any CPU
		{10DC6E33-84D3-4580-B19E-33F9082FCCC1}.Debug|Any CPU.Build.0 = Debug|Any CPU
		{10DC6E33-84D3-4580-B19E-33F9082FCCC1}.Debug|x64.ActiveCfg = Debug|Any CPU
		{10DC6E33-84D3-4580-B19E-33F9082FCCC1}.Debug|x64.Build.0 = Debug|Any CPU
		{10DC6E33-84D3-4580-B19E-33F9082FCCC1}.Debug|x86.ActiveCfg = Debug|Any CPU
		{10DC6E33-84D3-4580-B19E-33F9082FCCC1}.Debug|x86.Build.0 = Debug|Any CPU
		{10DC6E33-84D3-4580-B19E-33F9082FCCC1}.Release|Any CPU.ActiveCfg = Release|Any CPU
		{10DC6E33-84D3-4580-B19E-33F9082FCCC1}.Release|Any CPU.Build.0 = Release|Any CPU
		{10DC6E33-84D3-4580-B19E-33F9082FCCC1}.Release|x64.ActiveCfg = Release|Any CPU
		{10DC6E33-84D3-4580-B19E-33F9082FCCC1}.Release|x64.Build.0 = Release|Any CPU
		{10DC6E33-84D3-4580-B19E-33F9082FCCC1}.Release|x86.ActiveCfg = Release|Any CPU
		{10DC6E33-84D3-4580-B19E-33F9082FCCC1}.Release|x86.Build.0 = Release|Any CPU
		{846B2224-1560-4085-8DFE-2B0D72220730}.Debug|Any CPU.ActiveCfg = Debug|Any CPU
		{846B2224-1560-4085-8DFE-2B0D72220730}.Debug|Any CPU.Build.0 = Debug|Any CPU
		{846B2224-1560-4085-8DFE-2B0D72220730}.Debug|x64.ActiveCfg = Debug|Any CPU
		{846B2224-1560-4085-8DFE-2B0D72220730}.Debug|x64.Build.0 = Debug|Any CPU
		{846B2224-1560-4085-8DFE-2B0D72220730}.Debug|x86.ActiveCfg = Debug|Any CPU
		{846B2224-1560-4085-8DFE-2B0D72220730}.Debug|x86.Build.0 = Debug|Any CPU
		{846B2224-1560-4085-8DFE-2B0D72220730}.Release|Any CPU.ActiveCfg = Release|Any CPU
		{846B2224-1560-4085-8DFE-2B0D72220730}.Release|Any CPU.Build.0 = Release|Any CPU
		{846B2224-1560-4085-8DFE-2B0D72220730}.Release|x64.ActiveCfg = Release|Any CPU
		{846B2224-1560-4085-8DFE-2B0D72220730}.Release|x64.Build.0 = Release|Any CPU
		{846B2224-1560-4085-8DFE-2B0D72220730}.Release|x86.ActiveCfg = Release|Any CPU
		{846B2224-1560-4085-8DFE-2B0D72220730}.Release|x86.Build.0 = Release|Any CPU
		{EB7844BD-FEC6-483B-9472-F36CBA01AC77}.Debug|Any CPU.ActiveCfg = Debug|Any CPU
		{EB7844BD-FEC6-483B-9472-F36CBA01AC77}.Debug|Any CPU.Build.0 = Debug|Any CPU
		{EB7844BD-FEC6-483B-9472-F36CBA01AC77}.Debug|x64.ActiveCfg = Debug|Any CPU
		{EB7844BD-FEC6-483B-9472-F36CBA01AC77}.Debug|x64.Build.0 = Debug|Any CPU
		{EB7844BD-FEC6-483B-9472-F36CBA01AC77}.Debug|x86.ActiveCfg = Debug|Any CPU
		{EB7844BD-FEC6-483B-9472-F36CBA01AC77}.Debug|x86.Build.0 = Debug|Any CPU
		{EB7844BD-FEC6-483B-9472-F36CBA01AC77}.Release|Any CPU.ActiveCfg = Release|Any CPU
		{EB7844BD-FEC6-483B-9472-F36CBA01AC77}.Release|Any CPU.Build.0 = Release|Any CPU
		{EB7844BD-FEC6-483B-9472-F36CBA01AC77}.Release|x64.ActiveCfg = Release|Any CPU
		{EB7844BD-FEC6-483B-9472-F36CBA01AC77}.Release|x64.Build.0 = Release|Any CPU
		{EB7844BD-FEC6-483B-9472-F36CBA01AC77}.Release|x86.ActiveCfg = Release|Any CPU
		{EB7844BD-FEC6-483B-9472-F36CBA01AC77}.Release|x86.Build.0 = Release|Any CPU
		{ADF0EFC6-46E0-4BD1-A495-0EEDA201094D}.Debug|Any CPU.ActiveCfg = Debug|Any CPU
		{ADF0EFC6-46E0-4BD1-A495-0EEDA201094D}.Debug|Any CPU.Build.0 = Debug|Any CPU
		{ADF0EFC6-46E0-4BD1-A495-0EEDA201094D}.Debug|x64.ActiveCfg = Debug|Any CPU
		{ADF0EFC6-46E0-4BD1-A495-0EEDA201094D}.Debug|x64.Build.0 = Debug|Any CPU
		{ADF0EFC6-46E0-4BD1-A495-0EEDA201094D}.Debug|x86.ActiveCfg = Debug|Any CPU
		{ADF0EFC6-46E0-4BD1-A495-0EEDA201094D}.Debug|x86.Build.0 = Debug|Any CPU
		{ADF0EFC6-46E0-4BD1-A495-0EEDA201094D}.Release|Any CPU.ActiveCfg = Release|Any CPU
		{ADF0EFC6-46E0-4BD1-A495-0EEDA201094D}.Release|Any CPU.Build.0 = Release|Any CPU
		{ADF0EFC6-46E0-4BD1-A495-0EEDA201094D}.Release|x64.ActiveCfg = Release|Any CPU
		{ADF0EFC6-46E0-4BD1-A495-0EEDA201094D}.Release|x64.Build.0 = Release|Any CPU
		{ADF0EFC6-46E0-4BD1-A495-0EEDA201094D}.Release|x86.ActiveCfg = Release|Any CPU
		{ADF0EFC6-46E0-4BD1-A495-0EEDA201094D}.Release|x86.Build.0 = Release|Any CPU
	EndGlobalSection
	GlobalSection(SolutionProperties) = preSolution
		HideSolutionNode = FALSE
	EndGlobalSection
	GlobalSection(NestedProjects) = preSolution
		{5110FE86-F508-6B86-C843-5184CE2B15C7} = {4853AC9A-A710-FD20-1F3C-CC80BCA867D2}
		{46688A62-3F38-4AD0-9C60-AF230438E1A1} = {5110FE86-F508-6B86-C843-5184CE2B15C7}
		{1212B6C2-B981-401A-993C-0F9D7A6FF2CD} = {5110FE86-F508-6B86-C843-5184CE2B15C7}
		{10DC6E33-84D3-4580-B19E-33F9082FCCC1} = {5110FE86-F508-6B86-C843-5184CE2B15C7}
		{846B2224-1560-4085-8DFE-2B0D72220730} = {5110FE86-F508-6B86-C843-5184CE2B15C7}
		{B1202760-BBEF-D479-C157-1D2880F8FF8F} = {4853AC9A-A710-FD20-1F3C-CC80BCA867D2}
		{EB7844BD-FEC6-483B-9472-F36CBA01AC77} = {B1202760-BBEF-D479-C157-1D2880F8FF8F}
		{ADF0EFC6-46E0-4BD1-A495-0EEDA201094D} = {B1202760-BBEF-D479-C157-1D2880F8FF8F}
	EndGlobalSection
EndGlobal
